{
  "version": 4,
  "terraform_version": "1.14.0",
  "serial": 23,
  "lineage": "7bad6508-1333-61ec-6ce0-9f1e9b38288e",
  "outputs": {},
  "resources": [
    {
      "mode": "managed",
      "type": "google_project_iam_member",
      "name": "composer_worker",
      "provider": "provider[\"registry.terraform.io/hashicorp/google\"]",
      "instances": [
        {
          "schema_version": 0,
          "attributes": {
            "condition": [],
            "etag": "BwZErHSBcME=",
            "id": "ghm-data-prod/roles/composer.worker/serviceAccount:composer-env-sa@ghm-data-dev.iam.gserviceaccount.com",
            "member": "serviceAccount:composer-env-sa@ghm-data-dev.iam.gserviceaccount.com",
            "project": "ghm-data-prod",
            "role": "roles/composer.worker"
          },
          "sensitive_attributes": [],
          "identity_schema_version": 0,
          "private": "bnVsbA==",
          "dependencies": [
            "google_service_account.composer_sa"
          ]
        }
      ]
    },
    {
      "mode": "managed",
      "type": "google_project_service_identity",
      "name": "composer_agent",
      "provider": "provider[\"registry.terraform.io/hashicorp/google-beta\"]",
      "instances": [
        {
          "schema_version": 0,
          "attributes": {
            "email": "service-442581473749@cloudcomposer-accounts.iam.gserviceaccount.com",
            "id": "projects/ghm-data-prod/services/composer.googleapis.com",
            "member": "serviceAccount:service-442581473749@cloudcomposer-accounts.iam.gserviceaccount.com",
            "project": "ghm-data-prod",
            "service": "composer.googleapis.com",
            "timeouts": null
          },
          "sensitive_attributes": [],
          "identity_schema_version": 0,
          "private": "eyJlMmJmYjczMC1lY2FhLTExZTYtOGY4OC0zNDM2M2JjN2M0YzAiOnsiY3JlYXRlIjoxMjAwMDAwMDAwMDAwLCJkZWxldGUiOjEyMDAwMDAwMDAwMDAsInJlYWQiOjYwMDAwMDAwMDAwMH19"
        }
      ]
    },
    {
      "mode": "managed",
      "type": "google_service_account",
      "name": "composer_sa",
      "provider": "provider[\"registry.terraform.io/hashicorp/google\"]",
      "instances": [
        {
          "schema_version": 0,
          "attributes": {
            "account_id": "composer-env-sa",
            "create_ignore_already_exists": null,
            "description": "",
            "disabled": false,
            "display_name": "Service Account para o Composer Environment",
            "email": "composer-env-sa@ghm-data-dev.iam.gserviceaccount.com",
            "id": "projects/ghm-data-dev/serviceAccounts/composer-env-sa@ghm-data-dev.iam.gserviceaccount.com",
            "member": "serviceAccount:composer-env-sa@ghm-data-dev.iam.gserviceaccount.com",
            "name": "projects/ghm-data-dev/serviceAccounts/composer-env-sa@ghm-data-dev.iam.gserviceaccount.com",
            "project": "ghm-data-dev",
            "timeouts": null,
            "unique_id": "100720189934456789355"
          },
          "sensitive_attributes": [],
          "identity_schema_version": 0,
          "private": "eyJlMmJmYjczMC1lY2FhLTExZTYtOGY4OC0zNDM2M2JjN2M0YzAiOnsiY3JlYXRlIjozMDAwMDAwMDAwMDB9LCJzY2hlbWFfdmVyc2lvbiI6IjAifQ=="
        }
      ]
    },
    {
      "mode": "managed",
      "type": "google_service_account_iam_member",
      "name": "composer_agent_auth",
      "provider": "provider[\"registry.terraform.io/hashicorp/google-beta\"]",
      "instances": [
        {
          "schema_version": 0,
          "attributes": {
            "condition": [],
            "etag": "BwZErHQiwM4=",
            "id": "projects/ghm-data-dev/serviceAccounts/composer-env-sa@ghm-data-dev.iam.gserviceaccount.com/roles/iam.serviceAccountUser/serviceAccount:service-442581473749@cloudcomposer-accounts.iam.gserviceaccount.com",
            "member": "serviceAccount:service-442581473749@cloudcomposer-accounts.iam.gserviceaccount.com",
            "role": "roles/iam.serviceAccountUser",
            "service_account_id": "projects/ghm-data-dev/serviceAccounts/composer-env-sa@ghm-data-dev.iam.gserviceaccount.com"
          },
          "sensitive_attributes": [],
          "identity_schema_version": 0,
          "private": "bnVsbA==",
          "dependencies": [
            "google_project_service_identity.composer_agent",
            "google_service_account.composer_sa"
          ]
        }
      ]
    },
    {
      "mode": "managed",
      "type": "google_storage_bucket",
      "name": "composer_bucket",
      "provider": "provider[\"registry.terraform.io/hashicorp/google\"]",
      "instances": [
        {
          "schema_version": 4,
          "attributes": {
            "autoclass": [],
            "cors": [],
            "custom_placement_config": [],
            "default_event_based_hold": false,
            "effective_labels": {
              "goog-terraform-provisioned": "true"
            },
            "enable_object_retention": false,
            "encryption": [],
            "force_destroy": true,
            "hierarchical_namespace": [
              {
                "enabled": false
              }
            ],
            "id": "ghm-data-prod-composer-bucket-001",
            "ip_filter": [],
            "labels": null,
            "lifecycle_rule": [],
            "location": "US-CENTRAL1",
            "logging": [],
            "name": "ghm-data-prod-composer-bucket-001",
            "project": "ghm-data-prod",
            "project_number": 199842261,
            "public_access_prevention": "inherited",
            "requester_pays": false,
            "retention_policy": [],
            "rpo": null,
            "self_link": "https://www.googleapis.com/storage/v1/b/ghm-data-prod-composer-bucket-001",
            "soft_delete_policy": [
              {
                "effective_time": "2025-11-28T19:15:29.123Z",
                "retention_duration_seconds": 604800
              }
            ],
            "storage_class": "STANDARD",
            "terraform_labels": {
              "goog-terraform-provisioned": "true"
            },
            "time_created": "2025-11-28T19:15:29.123Z",
            "timeouts": null,
            "uniform_bucket_level_access": true,
            "updated": "2025-11-28T19:15:29.123Z",
            "url": "gs://ghm-data-prod-composer-bucket-001",
            "versioning": [],
            "website": []
          },
          "sensitive_attributes": [],
          "identity_schema_version": 0,
          "private": "eyJlMmJmYjczMC1lY2FhLTExZTYtOGY4OC0zNDM2M2JjN2M0YzAiOnsiY3JlYXRlIjo2MDAwMDAwMDAwMDAsInJlYWQiOjI0MDAwMDAwMDAwMCwidXBkYXRlIjoyNDAwMDAwMDAwMDB9LCJzY2hlbWFfdmVyc2lvbiI6IjQifQ=="
        }
      ]
    }
  ],
  "check_results": null
}
